
Microsoft Visual Studio Solution File, Format Version 12.00
# Visual Studio Version 16
VisualStudioVersion = 16.0.29728.190
MinimumVisualStudioVersion = 10.0.40219.1
Project("{2150E333-8FDC-42A3-9474-1A3956D46DE8}") = "Solution Items", "Solution Items", "{E515382D-4A8A-4233-AB14-A065AA82AE11}"
	ProjectSection(SolutionItems) = preProject
		.gitignore = .gitignore
		LICENSE = LICENSE
		README.md = README.md
	EndProjectSection
EndProject
Project("{2150E333-8FDC-42A3-9474-1A3956D46DE8}") = "Tests", "Tests", "{16D7BA7D-0042-40D0-B33B-91721AA5B825}"
EndProject
Project("{FAE04EC0-301F-11D3-BF4B-00C04F79EFBC}") = "Dryv", "Dryv\Dryv.csproj", "{E1D5214A-1877-4F9D-B95F-7CDD85E907FF}"
EndProject
Project("{FAE04EC0-301F-11D3-BF4B-00C04F79EFBC}") = "Dryv.Tests", "Dryv.Tests\Dryv.Tests.csproj", "{C5FA2624-86B9-48E5-9FC4-C2977ECBD60D}"
EndProject
Global
	GlobalSection(SolutionConfigurationPlatforms) = preSolution
		Debug|Any CPU = Debug|Any CPU
		Release|Any CPU = Release|Any CPU
	EndGlobalSection
	GlobalSection(ProjectConfigurationPlatforms) = postSolution
		{E1D5214A-1877-4F9D-B95F-7CDD85E907FF}.Debug|Any CPU.ActiveCfg = Debug|Any CPU
		{E1D5214A-1877-4F9D-B95F-7CDD85E907FF}.Debug|Any CPU.Build.0 = Debug|Any CPU
		{E1D5214A-1877-4F9D-B95F-7CDD85E907FF}.Release|Any CPU.ActiveCfg = Release|Any CPU
		{E1D5214A-1877-4F9D-B95F-7CDD85E907FF}.Release|Any CPU.Build.0 = Release|Any CPU
		{C5FA2624-86B9-48E5-9FC4-C2977ECBD60D}.Debug|Any CPU.ActiveCfg = Debug|Any CPU
		{C5FA2624-86B9-48E5-9FC4-C2977ECBD60D}.Debug|Any CPU.Build.0 = Debug|Any CPU
		{C5FA2624-86B9-48E5-9FC4-C2977ECBD60D}.Release|Any CPU.ActiveCfg = Release|Any CPU
		{C5FA2624-86B9-48E5-9FC4-C2977ECBD60D}.Release|Any CPU.Build.0 = Release|Any CPU
	EndGlobalSection
	GlobalSection(SolutionProperties) = preSolution
		HideSolutionNode = FALSE
	EndGlobalSection
	GlobalSection(NestedProjects) = preSolution
		{C5FA2624-86B9-48E5-9FC4-C2977ECBD60D} = {16D7BA7D-0042-40D0-B33B-91721AA5B825}
	EndGlobalSection
	GlobalSection(ExtensibilityGlobals) = postSolution
		SolutionGuid = {31FDA47F-71E0-44F8-AB14-12D39913534A}
	EndGlobalSection
EndGlobal
