
Microsoft Visual Studio Solution File, Format Version 12.00
# Visual Studio 15
VisualStudioVersion = 15.0.27130.2036
MinimumVisualStudioVersion = 10.0.40219.1
Project("{9A19103F-16F7-4668-BE54-9A1E7A4F7556}") = "Dryv", "Dryv\Dryv.csproj", "{87350152-F107-432B-95B7-CDEA802395D8}"
EndProject
Project("{9A19103F-16F7-4668-BE54-9A1E7A4F7556}") = "Dryv.Demo", "Dryv.Demo\Dryv.Demo.csproj", "{0B5C5816-60C6-4566-A7B5-5B6072BF1580}"
EndProject
Project("{9A19103F-16F7-4668-BE54-9A1E7A4F7556}") = "Dryv.Tests", "Dryv.Tests\Dryv.Tests.csproj", "{CFC6F676-4E24-4E91-BACF-F4832A6C4576}"
EndProject
Project("{2150E333-8FDC-42A3-9474-1A3956D46DE8}") = "Solution Items", "Solution Items", "{E515382D-4A8A-4233-AB14-A065AA82AE11}"
	ProjectSection(SolutionItems) = preProject
		LICENSE = LICENSE
		README.md = README.md
	EndProjectSection
EndProject
Global
	GlobalSection(SolutionConfigurationPlatforms) = preSolution
		Debug|Any CPU = Debug|Any CPU
		Release|Any CPU = Release|Any CPU
	EndGlobalSection
	GlobalSection(ProjectConfigurationPlatforms) = postSolution
		{87350152-F107-432B-95B7-CDEA802395D8}.Debug|Any CPU.ActiveCfg = Debug|Any CPU
		{87350152-F107-432B-95B7-CDEA802395D8}.Debug|Any CPU.Build.0 = Debug|Any CPU
		{87350152-F107-432B-95B7-CDEA802395D8}.Release|Any CPU.ActiveCfg = Release|Any CPU
		{87350152-F107-432B-95B7-CDEA802395D8}.Release|Any CPU.Build.0 = Release|Any CPU
		{0B5C5816-60C6-4566-A7B5-5B6072BF1580}.Debug|Any CPU.ActiveCfg = Debug|Any CPU
		{0B5C5816-60C6-4566-A7B5-5B6072BF1580}.Debug|Any CPU.Build.0 = Debug|Any CPU
		{0B5C5816-60C6-4566-A7B5-5B6072BF1580}.Release|Any CPU.ActiveCfg = Release|Any CPU
		{0B5C5816-60C6-4566-A7B5-5B6072BF1580}.Release|Any CPU.Build.0 = Release|Any CPU
		{CFC6F676-4E24-4E91-BACF-F4832A6C4576}.Debug|Any CPU.ActiveCfg = Debug|Any CPU
		{CFC6F676-4E24-4E91-BACF-F4832A6C4576}.Debug|Any CPU.Build.0 = Debug|Any CPU
		{CFC6F676-4E24-4E91-BACF-F4832A6C4576}.Release|Any CPU.ActiveCfg = Release|Any CPU
		{CFC6F676-4E24-4E91-BACF-F4832A6C4576}.Release|Any CPU.Build.0 = Release|Any CPU
	EndGlobalSection
	GlobalSection(SolutionProperties) = preSolution
		HideSolutionNode = FALSE
	EndGlobalSection
	GlobalSection(ExtensibilityGlobals) = postSolution
		SolutionGuid = {31FDA47F-71E0-44F8-AB14-12D39913534A}
	EndGlobalSection
EndGlobal
